{
  "name": "twitch-curi",
  "version": "1.0.0",
  "lockfileVersion": 1,
  "requires": true,
  "dependencies": {
    "@curi/core": {
      "version": "1.0.0-beta.22",
      "resolved": "https://registry.npmjs.org/@curi/core/-/core-1.0.0-beta.22.tgz",
      "integrity": "sha512-ggz/sJDyhQr3jKC70EgZqATK0rPjFX8tCiNrvaJgEYQuaaRGtbSWF2PWnqbNRcGoBQz5UKwq0a5AEdA5Vch6Wg==",
      "requires": {
        "@hickory/root": "1.0.0-beta.6",
        "path-to-regexp": "2.1.0"
      }
    },
    "@curi/vue": {
      "version": "1.0.0-beta.10",
      "resolved": "https://registry.npmjs.org/@curi/vue/-/vue-1.0.0-beta.10.tgz",
      "integrity": "sha512-o7zZiuubwqVrNnVgB+KjVRu+43sBkoBnfmsRk/LfXD/RzrSAcW6KNKlBFYcnUoU4DTL8gdTBnb0z5KTGwKAFeA==",
      "requires": {
        "@curi/core": "1.0.0-beta.22",
        "@hickory/root": "1.0.0-beta.6",
        "@types/warning": "3.0.0",
        "warning": "3.0.0"
      }
    },
    "@hickory/browser": {
      "version": "1.0.0-beta.5",
      "resolved": "https://registry.npmjs.org/@hickory/browser/-/browser-1.0.0-beta.5.tgz",
      "integrity": "sha512-CpKOqSzSObMuCRXRsg0aCYlRpVBtQ4/F0Lc1CQeGVDnSLjvhIFqcjAhe1V+HykggBPuju0mmkx17mxjD5T/57g==",
      "requires": {
        "@hickory/dom-utils": "1.0.0-beta.1",
        "@hickory/root": "1.0.0-beta.6"
      }
    },
    "@hickory/dom-utils": {
      "version": "1.0.0-beta.1",
      "resolved": "https://registry.npmjs.org/@hickory/dom-utils/-/dom-utils-1.0.0-beta.1.tgz",
      "integrity": "sha512-ua6wfJUs8EEt1ncHzda7IMsgsJmxWaZfl6drrXZaR1nVxV+//J4w/0MePO34/xkVK4VhvG0kCT/Uq3+bdF2gJA=="
    },
    "@hickory/location-utils": {
      "version": "1.0.0-beta.1",
      "resolved": "https://registry.npmjs.org/@hickory/location-utils/-/location-utils-1.0.0-beta.1.tgz",
      "integrity": "sha512-MswOL5R3ZRwcfQlAHBa5l5dbzhZbnXdrJTYTBNpZP26hbTKDMjKG2WSP/Iy8TE50KOeC4z1ciaDPRqURASmH4g=="
    },
    "@hickory/root": {
      "version": "1.0.0-beta.6",
      "resolved": "https://registry.npmjs.org/@hickory/root/-/root-1.0.0-beta.6.tgz",
      "integrity": "sha512-0y2R+Ry04+t6q1yrB9hvVM8S5d6u2V9ocmdqwHP31Ht9ZwFpyXLy5dlXR916itaZYCYWQvtebFyatQ0oD40ntg==",
      "requires": {
        "@hickory/location-utils": "1.0.0-beta.1"
      }
    },
    "@types/warning": {
      "version": "3.0.0",
      "resolved": "https://registry.npmjs.org/@types/warning/-/warning-3.0.0.tgz",
      "integrity": "sha1-DSUBJorY+ZYrdA04fEZU9fjiPlI="
    },
    "js-tokens": {
      "version": "3.0.2",
      "resolved": "https://registry.npmjs.org/js-tokens/-/js-tokens-3.0.2.tgz",
      "integrity": "sha1-mGbfOVECEw449/mWvOtlRDIJwls="
    },
    "loose-envify": {
      "version": "1.3.1",
      "resolved": "https://registry.npmjs.org/loose-envify/-/loose-envify-1.3.1.tgz",
      "integrity": "sha1-0aitM/qc4OcT1l/dCsi3SNR4yEg=",
      "requires": {
        "js-tokens": "3.0.2"
      }
    },
    "path-to-regexp": {
      "version": "2.1.0",
      "resolved": "https://registry.npmjs.org/path-to-regexp/-/path-to-regexp-2.1.0.tgz",
      "integrity": "sha512-dZY7QPCPp5r9cnNuQ955mOv4ZFVDXY/yvqeV7Y1W2PJA3PEFcuow9xKFfJxbBj1pIjOAP+M2B4/7xubmykLrXw=="
    },
    "warning": {
      "version": "3.0.0",
      "resolved": "https://registry.npmjs.org/warning/-/warning-3.0.0.tgz",
      "integrity": "sha1-MuU3fLVy3kqwR1O9+IIcAe1gW3w=",
      "requires": {
        "loose-envify": "1.3.1"
      }
    }
  }
}
